
Microsoft Visual Studio Solution File, Format Version 12.00
# Visual Studio Version 17
VisualStudioVersion = 17.6.33829.357
MinimumVisualStudioVersion = 10.0.40219.1
Project("{FAE04EC0-301F-11D3-BF4B-00C04F79EFBC}") = "SpartaDungeonBattle_Corin", "SpartaDungeonBattle_Corin\SpartaDungeonBattle_Corin.csproj", "{941680C6-228A-4F36-85A0-57E5A7BC6B81}"
EndProject
Global
	GlobalSection(SolutionConfigurationPlatforms) = preSolution
		Debug|Any CPU = Debug|Any CPU
		Release|Any CPU = Release|Any CPU
	EndGlobalSection
	GlobalSection(ProjectConfigurationPlatforms) = postSolution
		{941680C6-228A-4F36-85A0-57E5A7BC6B81}.Debug|Any CPU.ActiveCfg = Debug|Any CPU
		{941680C6-228A-4F36-85A0-57E5A7BC6B81}.Debug|Any CPU.Build.0 = Debug|Any CPU
		{941680C6-228A-4F36-85A0-57E5A7BC6B81}.Release|Any CPU.ActiveCfg = Release|Any CPU
		{941680C6-228A-4F36-85A0-57E5A7BC6B81}.Release|Any CPU.Build.0 = Release|Any CPU
	EndGlobalSection
	GlobalSection(SolutionProperties) = preSolution
		HideSolutionNode = FALSE
	EndGlobalSection
	GlobalSection(ExtensibilityGlobals) = postSolution
		SolutionGuid = {03A187F3-B34D-4208-B690-24D4430652A5}
	EndGlobalSection
EndGlobal
